
Microsoft Visual Studio Solution File, Format Version 12.00
# Visual Studio 15
VisualStudioVersion = 15.0.28010.2048
MinimumVisualStudioVersion = 10.0.40219.1
Project("{FAE04EC0-301F-11D3-BF4B-00C04F79EFBC}") = "Separatism", "Separatism\Separatism.csproj", "{2D276442-3C37-4D09-8BAF-9154E9F7116C}"
EndProject
Project("{FAE04EC0-301F-11D3-BF4B-00C04F79EFBC}") = "Telepathy", "Telepathy\Telepathy.csproj", "{A2222005-1534-4EB2-BE2E-42BEC2C7D4FA}"
EndProject
Project("{FAE04EC0-301F-11D3-BF4B-00C04F79EFBC}") = "Common", "Common\Common.csproj", "{704A9C4A-4646-43F3-B83A-88DD7A2BE10B}"
EndProject
Project("{FAE04EC0-301F-11D3-BF4B-00C04F79EFBC}") = "LifeIsShort", "LifeIsShort\LifeIsShort.csproj", "{62D4CC28-5390-42A6-A6EF-E2A673CD6F06}"
EndProject
Project("{FAE04EC0-301F-11D3-BF4B-00C04F79EFBC}") = "DeadShot", "DeadShot\DeadShot.csproj", "{406326F4-F686-4BFD-A1E1-3621B22E19D9}"
EndProject
Global
	GlobalSection(SolutionConfigurationPlatforms) = preSolution
		Debug Launcher|Any CPU = Debug Launcher|Any CPU
		Debug|Any CPU = Debug|Any CPU
		Release|Any CPU = Release|Any CPU
	EndGlobalSection
	GlobalSection(ProjectConfigurationPlatforms) = postSolution
		{2D276442-3C37-4D09-8BAF-9154E9F7116C}.Debug Launcher|Any CPU.ActiveCfg = Debug|Any CPU
		{2D276442-3C37-4D09-8BAF-9154E9F7116C}.Debug Launcher|Any CPU.Build.0 = Debug|Any CPU
		{2D276442-3C37-4D09-8BAF-9154E9F7116C}.Debug|Any CPU.ActiveCfg = Debug|Any CPU
		{2D276442-3C37-4D09-8BAF-9154E9F7116C}.Debug|Any CPU.Build.0 = Debug|Any CPU
		{2D276442-3C37-4D09-8BAF-9154E9F7116C}.Release|Any CPU.ActiveCfg = Release|Any CPU
		{2D276442-3C37-4D09-8BAF-9154E9F7116C}.Release|Any CPU.Build.0 = Release|Any CPU
		{A2222005-1534-4EB2-BE2E-42BEC2C7D4FA}.Debug Launcher|Any CPU.ActiveCfg = Debug|Any CPU
		{A2222005-1534-4EB2-BE2E-42BEC2C7D4FA}.Debug Launcher|Any CPU.Build.0 = Debug|Any CPU
		{A2222005-1534-4EB2-BE2E-42BEC2C7D4FA}.Debug|Any CPU.ActiveCfg = Debug|Any CPU
		{A2222005-1534-4EB2-BE2E-42BEC2C7D4FA}.Debug|Any CPU.Build.0 = Debug|Any CPU
		{A2222005-1534-4EB2-BE2E-42BEC2C7D4FA}.Release|Any CPU.ActiveCfg = Release|Any CPU
		{A2222005-1534-4EB2-BE2E-42BEC2C7D4FA}.Release|Any CPU.Build.0 = Release|Any CPU
		{704A9C4A-4646-43F3-B83A-88DD7A2BE10B}.Debug Launcher|Any CPU.ActiveCfg = Debug|Any CPU
		{704A9C4A-4646-43F3-B83A-88DD7A2BE10B}.Debug Launcher|Any CPU.Build.0 = Debug|Any CPU
		{704A9C4A-4646-43F3-B83A-88DD7A2BE10B}.Debug|Any CPU.ActiveCfg = Debug|Any CPU
		{704A9C4A-4646-43F3-B83A-88DD7A2BE10B}.Debug|Any CPU.Build.0 = Debug|Any CPU
		{704A9C4A-4646-43F3-B83A-88DD7A2BE10B}.Release|Any CPU.ActiveCfg = Release|Any CPU
		{704A9C4A-4646-43F3-B83A-88DD7A2BE10B}.Release|Any CPU.Build.0 = Release|Any CPU
		{62D4CC28-5390-42A6-A6EF-E2A673CD6F06}.Debug Launcher|Any CPU.ActiveCfg = Debug|Any CPU
		{62D4CC28-5390-42A6-A6EF-E2A673CD6F06}.Debug Launcher|Any CPU.Build.0 = Debug|Any CPU
		{62D4CC28-5390-42A6-A6EF-E2A673CD6F06}.Debug|Any CPU.ActiveCfg = Debug|Any CPU
		{62D4CC28-5390-42A6-A6EF-E2A673CD6F06}.Debug|Any CPU.Build.0 = Debug|Any CPU
		{62D4CC28-5390-42A6-A6EF-E2A673CD6F06}.Release|Any CPU.ActiveCfg = Release|Any CPU
		{62D4CC28-5390-42A6-A6EF-E2A673CD6F06}.Release|Any CPU.Build.0 = Release|Any CPU
		{406326F4-F686-4BFD-A1E1-3621B22E19D9}.Debug Launcher|Any CPU.ActiveCfg = Debug|Any CPU
		{406326F4-F686-4BFD-A1E1-3621B22E19D9}.Debug Launcher|Any CPU.Build.0 = Debug|Any CPU
		{406326F4-F686-4BFD-A1E1-3621B22E19D9}.Debug|Any CPU.ActiveCfg = Debug|Any CPU
		{406326F4-F686-4BFD-A1E1-3621B22E19D9}.Debug|Any CPU.Build.0 = Debug|Any CPU
		{406326F4-F686-4BFD-A1E1-3621B22E19D9}.Release|Any CPU.ActiveCfg = Release|Any CPU
		{406326F4-F686-4BFD-A1E1-3621B22E19D9}.Release|Any CPU.Build.0 = Release|Any CPU
	EndGlobalSection
	GlobalSection(SolutionProperties) = preSolution
		HideSolutionNode = FALSE
	EndGlobalSection
	GlobalSection(ExtensibilityGlobals) = postSolution
		SolutionGuid = {7DAB18FA-522C-4EEE-8706-D5C2271D6A5E}
	EndGlobalSection
EndGlobal
